// !$*UTF8*$!
{
	archiveVersion = 1;
	classes = {
	};
	objectVersion = 46;
	objects = {

/* Begin PBXBuildFile section */
		1A178E7F1F7F24ED004B005B /* BookmarkModel.swift in Sources */ = {isa = PBXBuildFile; fileRef = 1A178E7E1F7F24ED004B005B /* BookmarkModel.swift */; };
		1A178E811F804899004B005B /* NoteModel.swift in Sources */ = {isa = PBXBuildFile; fileRef = 1A178E801F804899004B005B /* NoteModel.swift */; };
		1A178E881F809C00004B005B /* PresentationWindowController.swift in Sources */ = {isa = PBXBuildFile; fileRef = 1A178E861F809C00004B005B /* PresentationWindowController.swift */; };
		1A178E891F809C00004B005B /* PresentationWindow.xib in Resources */ = {isa = PBXBuildFile; fileRef = 1A178E871F809C00004B005B /* PresentationWindow.xib */; };
		1A73BEC31F6B680000298607 /* AppDelegate.swift in Sources */ = {isa = PBXBuildFile; fileRef = 1A73BEC21F6B680000298607 /* AppDelegate.swift */; };
		1A73BEC71F6B680000298607 /* Assets.xcassets in Resources */ = {isa = PBXBuildFile; fileRef = 1A73BEC61F6B680000298607 /* Assets.xcassets */; };
		1A73BED51F6B680100298607 /* ViewrTests.swift in Sources */ = {isa = PBXBuildFile; fileRef = 1A73BED41F6B680100298607 /* ViewrTests.swift */; };
		1A73BEE01F6B680100298607 /* ViewrUITests.swift in Sources */ = {isa = PBXBuildFile; fileRef = 1A73BEDF1F6B680100298607 /* ViewrUITests.swift */; };
		1A73BEEE1F6B6C8B00298607 /* MainMenu.xib in Resources */ = {isa = PBXBuildFile; fileRef = 1A73BEED1F6B6C8B00298607 /* MainMenu.xib */; };
		1A73BEF11F6B6DB500298607 /* Quartz.framework in Frameworks */ = {isa = PBXBuildFile; fileRef = 1A73BEF01F6B6DB500298607 /* Quartz.framework */; };
		1A73BEF41F6B6EF500298607 /* DocumentWindowController.swift in Sources */ = {isa = PBXBuildFile; fileRef = 1A73BEF21F6B6EF500298607 /* DocumentWindowController.swift */; };
		1A73BEF51F6B6EF500298607 /* DocumentWindow.xib in Resources */ = {isa = PBXBuildFile; fileRef = 1A73BEF31F6B6EF500298607 /* DocumentWindow.xib */; };
		1AC01B781F81F81100FA5E16 /* SearchResultsView.xib in Resources */ = {isa = PBXBuildFile; fileRef = 1AC01B771F81F81100FA5E16 /* SearchResultsView.xib */; };
		1AC01B7A1F820AD300FA5E16 /* SearchPopoverController.swift in Sources */ = {isa = PBXBuildFile; fileRef = 1AC01B791F820AD300FA5E16 /* SearchPopoverController.swift */; };
		1AC01B7F1F822C1700FA5E16 /* LectureModel.swift in Sources */ = {isa = PBXBuildFile; fileRef = 1AC01B7E1F822C1700FA5E16 /* LectureModel.swift */; };
/* End PBXBuildFile section */

/* Begin PBXContainerItemProxy section */
		1A73BED11F6B680100298607 /* PBXContainerItemProxy */ = {
			isa = PBXContainerItemProxy;
			containerPortal = 1A73BEB71F6B680000298607 /* Project object */;
			proxyType = 1;
			remoteGlobalIDString = 1A73BEBE1F6B680000298607;
			remoteInfo = Viewr;
		};
		1A73BEDC1F6B680100298607 /* PBXContainerItemProxy */ = {
			isa = PBXContainerItemProxy;
			containerPortal = 1A73BEB71F6B680000298607 /* Project object */;
			proxyType = 1;
			remoteGlobalIDString = 1A73BEBE1F6B680000298607;
			remoteInfo = Viewr;
		};
/* End PBXContainerItemProxy section */

/* Begin PBXFileReference section */
		1A178E7E1F7F24ED004B005B /* BookmarkModel.swift */ = {isa = PBXFileReference; lastKnownFileType = sourcecode.swift; path = BookmarkModel.swift; sourceTree = "<group>"; };
		1A178E801F804899004B005B /* NoteModel.swift */ = {isa = PBXFileReference; lastKnownFileType = sourcecode.swift; path = NoteModel.swift; sourceTree = "<group>"; };
		1A178E861F809C00004B005B /* PresentationWindowController.swift */ = {isa = PBXFileReference; lastKnownFileType = sourcecode.swift; path = PresentationWindowController.swift; sourceTree = "<group>"; };
		1A178E871F809C00004B005B /* PresentationWindow.xib */ = {isa = PBXFileReference; lastKnownFileType = file.xib; path = PresentationWindow.xib; sourceTree = "<group>"; };
		1A73BEBF1F6B680000298607 /* Viewr.app */ = {isa = PBXFileReference; explicitFileType = wrapper.application; includeInIndex = 0; path = Viewr.app; sourceTree = BUILT_PRODUCTS_DIR; };
		1A73BEC21F6B680000298607 /* AppDelegate.swift */ = {isa = PBXFileReference; lastKnownFileType = sourcecode.swift; path = AppDelegate.swift; sourceTree = "<group>"; };
		1A73BEC61F6B680000298607 /* Assets.xcassets */ = {isa = PBXFileReference; lastKnownFileType = folder.assetcatalog; path = Assets.xcassets; sourceTree = "<group>"; };
		1A73BECB1F6B680000298607 /* Info.plist */ = {isa = PBXFileReference; lastKnownFileType = text.plist.xml; path = Info.plist; sourceTree = "<group>"; };
		1A73BED01F6B680100298607 /* ViewrTests.xctest */ = {isa = PBXFileReference; explicitFileType = wrapper.cfbundle; includeInIndex = 0; path = ViewrTests.xctest; sourceTree = BUILT_PRODUCTS_DIR; };
		1A73BED41F6B680100298607 /* ViewrTests.swift */ = {isa = PBXFileReference; lastKnownFileType = sourcecode.swift; path = ViewrTests.swift; sourceTree = "<group>"; };
		1A73BED61F6B680100298607 /* Info.plist */ = {isa = PBXFileReference; lastKnownFileType = text.plist.xml; path = Info.plist; sourceTree = "<group>"; };
		1A73BEDB1F6B680100298607 /* ViewrUITests.xctest */ = {isa = PBXFileReference; explicitFileType = wrapper.cfbundle; includeInIndex = 0; path = ViewrUITests.xctest; sourceTree = BUILT_PRODUCTS_DIR; };
		1A73BEDF1F6B680100298607 /* ViewrUITests.swift */ = {isa = PBXFileReference; lastKnownFileType = sourcecode.swift; path = ViewrUITests.swift; sourceTree = "<group>"; };
		1A73BEE11F6B680100298607 /* Info.plist */ = {isa = PBXFileReference; lastKnownFileType = text.plist.xml; path = Info.plist; sourceTree = "<group>"; };
		1A73BEED1F6B6C8B00298607 /* MainMenu.xib */ = {isa = PBXFileReference; fileEncoding = 4; lastKnownFileType = file.xib; path = MainMenu.xib; sourceTree = "<group>"; };
		1A73BEF01F6B6DB500298607 /* Quartz.framework */ = {isa = PBXFileReference; lastKnownFileType = wrapper.framework; name = Quartz.framework; path = System/Library/Frameworks/Quartz.framework; sourceTree = SDKROOT; };
		1A73BEF21F6B6EF500298607 /* DocumentWindowController.swift */ = {isa = PBXFileReference; fileEncoding = 4; lastKnownFileType = sourcecode.swift; path = DocumentWindowController.swift; sourceTree = "<group>"; };
		1A73BEF31F6B6EF500298607 /* DocumentWindow.xib */ = {isa = PBXFileReference; fileEncoding = 4; lastKnownFileType = file.xib; path = DocumentWindow.xib; sourceTree = "<group>"; };
		1AC01B771F81F81100FA5E16 /* SearchResultsView.xib */ = {isa = PBXFileReference; lastKnownFileType = file.xib; path = SearchResultsView.xib; sourceTree = "<group>"; };
		1AC01B791F820AD300FA5E16 /* SearchPopoverController.swift */ = {isa = PBXFileReference; lastKnownFileType = sourcecode.swift; path = SearchPopoverController.swift; sourceTree = "<group>"; };
		1AC01B7E1F822C1700FA5E16 /* LectureModel.swift */ = {isa = PBXFileReference; lastKnownFileType = sourcecode.swift; path = LectureModel.swift; sourceTree = "<group>"; };
/* End PBXFileReference section */

/* Begin PBXFrameworksBuildPhase section */
		1A73BEBC1F6B680000298607 /* Frameworks */ = {
			isa = PBXFrameworksBuildPhase;
			buildActionMask = 2147483647;
			files = (
				1A73BEF11F6B6DB500298607 /* Quartz.framework in Frameworks */,
			);
			runOnlyForDeploymentPostprocessing = 0;
		};
		1A73BECD1F6B680100298607 /* Frameworks */ = {
			isa = PBXFrameworksBuildPhase;
			buildActionMask = 2147483647;
			files = (
			);
			runOnlyForDeploymentPostprocessing = 0;
		};
		1A73BED81F6B680100298607 /* Frameworks */ = {
			isa = PBXFrameworksBuildPhase;
			buildActionMask = 2147483647;
			files = (
			);
			runOnlyForDeploymentPostprocessing = 0;
		};
/* End PBXFrameworksBuildPhase section */

/* Begin PBXGroup section */
		1A73BEB61F6B680000298607 = {
			isa = PBXGroup;
			children = (
				1A73BEC11F6B680000298607 /* Viewr */,
				1A73BED31F6B680100298607 /* ViewrTests */,
				1A73BEDE1F6B680100298607 /* ViewrUITests */,
				1A73BEC01F6B680000298607 /* Products */,
				1A73BEEF1F6B6DB500298607 /* Frameworks */,
			);
			sourceTree = "<group>";
		};
		1A73BEC01F6B680000298607 /* Products */ = {
			isa = PBXGroup;
			children = (
				1A73BEBF1F6B680000298607 /* Viewr.app */,
				1A73BED01F6B680100298607 /* ViewrTests.xctest */,
				1A73BEDB1F6B680100298607 /* ViewrUITests.xctest */,
			);
			name = Products;
			sourceTree = "<group>";
		};
		1A73BEC11F6B680000298607 /* Viewr */ = {
			isa = PBXGroup;
			children = (
				1A73BEC21F6B680000298607 /* AppDelegate.swift */,
				1A73BEC61F6B680000298607 /* Assets.xcassets */,
				1A73BECB1F6B680000298607 /* Info.plist */,
				1AC01B7B1F822B7300FA5E16 /* Views */,
				1AC01B7D1F822BC600FA5E16 /* Models */,
				1AC01B7C1F822B9200FA5E16 /* Controllers */,
			);
			path = Viewr;
			sourceTree = "<group>";
		};
		1A73BED31F6B680100298607 /* ViewrTests */ = {
			isa = PBXGroup;
			children = (
				1A73BED41F6B680100298607 /* ViewrTests.swift */,
				1A73BED61F6B680100298607 /* Info.plist */,
			);
			path = ViewrTests;
			sourceTree = "<group>";
		};
		1A73BEDE1F6B680100298607 /* ViewrUITests */ = {
			isa = PBXGroup;
			children = (
				1A73BEDF1F6B680100298607 /* ViewrUITests.swift */,
				1A73BEE11F6B680100298607 /* Info.plist */,
			);
			path = ViewrUITests;
			sourceTree = "<group>";
		};
		1A73BEEF1F6B6DB500298607 /* Frameworks */ = {
			isa = PBXGroup;
			children = (
				1A73BEF01F6B6DB500298607 /* Quartz.framework */,
			);
			name = Frameworks;
			sourceTree = "<group>";
		};
		1AC01B7B1F822B7300FA5E16 /* Views */ = {
			isa = PBXGroup;
			children = (
				1A73BEED1F6B6C8B00298607 /* MainMenu.xib */,
				1A73BEF31F6B6EF500298607 /* DocumentWindow.xib */,
				1AC01B771F81F81100FA5E16 /* SearchResultsView.xib */,
				1A178E871F809C00004B005B /* PresentationWindow.xib */,
			);
			path = Views;
			sourceTree = "<group>";
		};
		1AC01B7C1F822B9200FA5E16 /* Controllers */ = {
			isa = PBXGroup;
			children = (
				1A73BEF21F6B6EF500298607 /* DocumentWindowController.swift */,
				1AC01B791F820AD300FA5E16 /* SearchPopoverController.swift */,
				1A178E861F809C00004B005B /* PresentationWindowController.swift */,
			);
			path = Controllers;
			sourceTree = "<group>";
		};
		1AC01B7D1F822BC600FA5E16 /* Models */ = {
			isa = PBXGroup;
			children = (
				1A178E7E1F7F24ED004B005B /* BookmarkModel.swift */,
				1AC01B7E1F822C1700FA5E16 /* LectureModel.swift */,
				1A178E801F804899004B005B /* NoteModel.swift */,
			);
			path = Models;
			sourceTree = "<group>";
		};
/* End PBXGroup section */

/* Begin PBXNativeTarget section */
		1A73BEBE1F6B680000298607 /* Viewr */ = {
			isa = PBXNativeTarget;
			buildConfigurationList = 1A73BEE41F6B680100298607 /* Build configuration list for PBXNativeTarget "Viewr" */;
			buildPhases = (
				1A73BEBB1F6B680000298607 /* Sources */,
				1A73BEBC1F6B680000298607 /* Frameworks */,
				1A73BEBD1F6B680000298607 /* Resources */,
			);
			buildRules = (
			);
			dependencies = (
			);
			name = Viewr;
			productName = Viewr;
			productReference = 1A73BEBF1F6B680000298607 /* Viewr.app */;
			productType = "com.apple.product-type.application";
		};
		1A73BECF1F6B680100298607 /* ViewrTests */ = {
			isa = PBXNativeTarget;
			buildConfigurationList = 1A73BEE71F6B680100298607 /* Build configuration list for PBXNativeTarget "ViewrTests" */;
			buildPhases = (
				1A73BECC1F6B680100298607 /* Sources */,
				1A73BECD1F6B680100298607 /* Frameworks */,
				1A73BECE1F6B680100298607 /* Resources */,
			);
			buildRules = (
			);
			dependencies = (
				1A73BED21F6B680100298607 /* PBXTargetDependency */,
			);
			name = ViewrTests;
			productName = ViewrTests;
			productReference = 1A73BED01F6B680100298607 /* ViewrTests.xctest */;
			productType = "com.apple.product-type.bundle.unit-test";
		};
		1A73BEDA1F6B680100298607 /* ViewrUITests */ = {
			isa = PBXNativeTarget;
			buildConfigurationList = 1A73BEEA1F6B680100298607 /* Build configuration list for PBXNativeTarget "ViewrUITests" */;
			buildPhases = (
				1A73BED71F6B680100298607 /* Sources */,
				1A73BED81F6B680100298607 /* Frameworks */,
				1A73BED91F6B680100298607 /* Resources */,
			);
			buildRules = (
			);
			dependencies = (
				1A73BEDD1F6B680100298607 /* PBXTargetDependency */,
			);
			name = ViewrUITests;
			productName = ViewrUITests;
			productReference = 1A73BEDB1F6B680100298607 /* ViewrUITests.xctest */;
			productType = "com.apple.product-type.bundle.ui-testing";
		};
/* End PBXNativeTarget section */

/* Begin PBXProject section */
		1A73BEB71F6B680000298607 /* Project object */ = {
			isa = PBXProject;
			attributes = {
				LastSwiftUpdateCheck = 0830;
				LastUpgradeCheck = 0900;
				ORGANIZATIONNAME = "Rhianne Price";
				TargetAttributes = {
					1A73BEBE1F6B680000298607 = {
						CreatedOnToolsVersion = 8.3.3;
						LastSwiftMigration = 0900;
						ProvisioningStyle = Automatic;
					};
					1A73BECF1F6B680100298607 = {
						CreatedOnToolsVersion = 8.3.3;
						LastSwiftMigration = 0900;
						ProvisioningStyle = Automatic;
						TestTargetID = 1A73BEBE1F6B680000298607;
					};
					1A73BEDA1F6B680100298607 = {
						CreatedOnToolsVersion = 8.3.3;
						LastSwiftMigration = 0900;
						ProvisioningStyle = Automatic;
						TestTargetID = 1A73BEBE1F6B680000298607;
					};
				};
			};
			buildConfigurationList = 1A73BEBA1F6B680000298607 /* Build configuration list for PBXProject "Viewr" */;
			compatibilityVersion = "Xcode 3.2";
			developmentRegion = English;
			hasScannedForEncodings = 0;
			knownRegions = (
				en,
				Base,
			);
			mainGroup = 1A73BEB61F6B680000298607;
			productRefGroup = 1A73BEC01F6B680000298607 /* Products */;
			projectDirPath = "";
			projectRoot = "";
			targets = (
				1A73BEBE1F6B680000298607 /* Viewr */,
				1A73BECF1F6B680100298607 /* ViewrTests */,
				1A73BEDA1F6B680100298607 /* ViewrUITests */,
			);
		};
/* End PBXProject section */

/* Begin PBXResourcesBuildPhase section */
		1A73BEBD1F6B680000298607 /* Resources */ = {
			isa = PBXResourcesBuildPhase;
			buildActionMask = 2147483647;
			files = (
				1A73BEC71F6B680000298607 /* Assets.xcassets in Resources */,
				1A73BEEE1F6B6C8B00298607 /* MainMenu.xib in Resources */,
				1AC01B781F81F81100FA5E16 /* SearchResultsView.xib in Resources */,
				1A178E891F809C00004B005B /* PresentationWindow.xib in Resources */,
				1A73BEF51F6B6EF500298607 /* DocumentWindow.xib in Resources */,
			);
			runOnlyForDeploymentPostprocessing = 0;
		};
		1A73BECE1F6B680100298607 /* Resources */ = {
			isa = PBXResourcesBuildPhase;
			buildActionMask = 2147483647;
			files = (
			);
			runOnlyForDeploymentPostprocessing = 0;
		};
		1A73BED91F6B680100298607 /* Resources */ = {
			isa = PBXResourcesBuildPhase;
			buildActionMask = 2147483647;
			files = (
			);
			runOnlyForDeploymentPostprocessing = 0;
		};
/* End PBXResourcesBuildPhase section */

/* Begin PBXSourcesBuildPhase section */
		1A73BEBB1F6B680000298607 /* Sources */ = {
			isa = PBXSourcesBuildPhase;
			buildActionMask = 2147483647;
			files = (
				1A178E881F809C00004B005B /* PresentationWindowController.swift in Sources */,
				1A73BEF41F6B6EF500298607 /* DocumentWindowController.swift in Sources */,
				1A73BEC31F6B680000298607 /* AppDelegate.swift in Sources */,
				1AC01B7F1F822C1700FA5E16 /* LectureModel.swift in Sources */,
				1AC01B7A1F820AD300FA5E16 /* SearchPopoverController.swift in Sources */,
				1A178E7F1F7F24ED004B005B /* BookmarkModel.swift in Sources */,
				1A178E811F804899004B005B /* NoteModel.swift in Sources */,
			);
			runOnlyForDeploymentPostprocessing = 0;
		};
		1A73BECC1F6B680100298607 /* Sources */ = {
			isa = PBXSourcesBuildPhase;
			buildActionMask = 2147483647;
			files = (
				1A73BED51F6B680100298607 /* ViewrTests.swift in Sources */,
			);
			runOnlyForDeploymentPostprocessing = 0;
		};
		1A73BED71F6B680100298607 /* Sources */ = {
			isa = PBXSourcesBuildPhase;
			buildActionMask = 2147483647;
			files = (
				1A73BEE01F6B680100298607 /* ViewrUITests.swift in Sources */,
			);
			runOnlyForDeploymentPostprocessing = 0;
		};
/* End PBXSourcesBuildPhase section */

/* Begin PBXTargetDependency section */
		1A73BED21F6B680100298607 /* PBXTargetDependency */ = {
			isa = PBXTargetDependency;
			target = 1A73BEBE1F6B680000298607 /* Viewr */;
			targetProxy = 1A73BED11F6B680100298607 /* PBXContainerItemProxy */;
		};
		1A73BEDD1F6B680100298607 /* PBXTargetDependency */ = {
			isa = PBXTargetDependency;
			target = 1A73BEBE1F6B680000298607 /* Viewr */;
			targetProxy = 1A73BEDC1F6B680100298607 /* PBXContainerItemProxy */;
		};
/* End PBXTargetDependency section */

/* Begin XCBuildConfiguration section */
		1A73BEE21F6B680100298607 /* Debug */ = {
			isa = XCBuildConfiguration;
			buildSettings = {
				ALWAYS_SEARCH_USER_PATHS = NO;
				CLANG_ANALYZER_NONNULL = YES;
				CLANG_ANALYZER_NUMBER_OBJECT_CONVERSION = YES_AGGRESSIVE;
				CLANG_CXX_LANGUAGE_STANDARD = "gnu++0x";
				CLANG_CXX_LIBRARY = "libc++";
				CLANG_ENABLE_MODULES = YES;
				CLANG_ENABLE_OBJC_ARC = YES;
				CLANG_WARN_BLOCK_CAPTURE_AUTORELEASING = YES;
				CLANG_WARN_BOOL_CONVERSION = YES;
				CLANG_WARN_COMMA = YES;
				CLANG_WARN_CONSTANT_CONVERSION = YES;
				CLANG_WARN_DIRECT_OBJC_ISA_USAGE = YES_ERROR;
				CLANG_WARN_DOCUMENTATION_COMMENTS = YES;
				CLANG_WARN_EMPTY_BODY = YES;
				CLANG_WARN_ENUM_CONVERSION = YES;
				CLANG_WARN_INFINITE_RECURSION = YES;
				CLANG_WARN_INT_CONVERSION = YES;
				CLANG_WARN_NON_LITERAL_NULL_CONVERSION = YES;
				CLANG_WARN_OBJC_LITERAL_CONVERSION = YES;
				CLANG_WARN_OBJC_ROOT_CLASS = YES_ERROR;
				CLANG_WARN_RANGE_LOOP_ANALYSIS = YES;
				CLANG_WARN_STRICT_PROTOTYPES = YES;
				CLANG_WARN_SUSPICIOUS_MOVE = YES;
				CLANG_WARN_UNREACHABLE_CODE = YES;
				CLANG_WARN__DUPLICATE_METHOD_MATCH = YES;
				CODE_SIGN_IDENTITY = "-";
				COPY_PHASE_STRIP = NO;
				DEBUG_INFORMATION_FORMAT = dwarf;
				ENABLE_STRICT_OBJC_MSGSEND = YES;
				ENABLE_TESTABILITY = YES;
				GCC_C_LANGUAGE_STANDARD = gnu99;
				GCC_DYNAMIC_NO_PIC = NO;
				GCC_NO_COMMON_BLOCKS = YES;
				GCC_OPTIMIZATION_LEVEL = 0;
				GCC_PREPROCESSOR_DEFINITIONS = (
					"DEBUG=1",
					"$(inherited)",
				);
				GCC_WARN_64_TO_32_BIT_CONVERSION = YES;
				GCC_WARN_ABOUT_RETURN_TYPE = YES_ERROR;
				GCC_WARN_UNDECLARED_SELECTOR = YES;
				GCC_WARN_UNINITIALIZED_AUTOS = YES_AGGRESSIVE;
				GCC_WARN_UNUSED_FUNCTION = YES;
				GCC_WARN_UNUSED_VARIABLE = YES;
				MACOSX_DEPLOYMENT_TARGET = 10.12;
				MTL_ENABLE_DEBUG_INFO = YES;
				ONLY_ACTIVE_ARCH = YES;
				SDKROOT = macosx;
				SWIFT_ACTIVE_COMPILATION_CONDITIONS = DEBUG;
				SWIFT_OPTIMIZATION_LEVEL = "-Onone";
			};
			name = Debug;
		};
		1A73BEE31F6B680100298607 /* Release */ = {
			isa = XCBuildConfiguration;
			buildSettings = {
				ALWAYS_SEARCH_USER_PATHS = NO;
				CLANG_ANALYZER_NONNULL = YES;
				CLANG_ANALYZER_NUMBER_OBJECT_CONVERSION = YES_AGGRESSIVE;
				CLANG_CXX_LANGUAGE_STANDARD = "gnu++0x";
				CLANG_CXX_LIBRARY = "libc++";
				CLANG_ENABLE_MODULES = YES;
				CLANG_ENABLE_OBJC_ARC = YES;
				CLANG_WARN_BLOCK_CAPTURE_AUTORELEASING = YES;
				CLANG_WARN_BOOL_CONVERSION = YES;
				CLANG_WARN_COMMA = YES;
				CLANG_WARN_CONSTANT_CONVERSION = YES;
				CLANG_WARN_DIRECT_OBJC_ISA_USAGE = YES_ERROR;
				CLANG_WARN_DOCUMENTATION_COMMENTS = YES;
				CLANG_WARN_EMPTY_BODY = YES;
				CLANG_WARN_ENUM_CONVERSION = YES;
				CLANG_WARN_INFINITE_RECURSION = YES;
				CLANG_WARN_INT_CONVERSION = YES;
				CLANG_WARN_NON_LITERAL_NULL_CONVERSION = YES;
				CLANG_WARN_OBJC_LITERAL_CONVERSION = YES;
				CLANG_WARN_OBJC_ROOT_CLASS = YES_ERROR;
				CLANG_WARN_RANGE_LOOP_ANALYSIS = YES;
				CLANG_WARN_STRICT_PROTOTYPES = YES;
				CLANG_WARN_SUSPICIOUS_MOVE = YES;
				CLANG_WARN_UNREACHABLE_CODE = YES;
				CLANG_WARN__DUPLICATE_METHOD_MATCH = YES;
				CODE_SIGN_IDENTITY = "-";
				COPY_PHASE_STRIP = NO;
				DEBUG_INFORMATION_FORMAT = "dwarf-with-dsym";
				ENABLE_NS_ASSERTIONS = NO;
				ENABLE_STRICT_OBJC_MSGSEND = YES;
				GCC_C_LANGUAGE_STANDARD = gnu99;
				GCC_NO_COMMON_BLOCKS = YES;
				GCC_WARN_64_TO_32_BIT_CONVERSION = YES;
				GCC_WARN_ABOUT_RETURN_TYPE = YES_ERROR;
				GCC_WARN_UNDECLARED_SELECTOR = YES;
				GCC_WARN_UNINITIALIZED_AUTOS = YES_AGGRESSIVE;
				GCC_WARN_UNUSED_FUNCTION = YES;
				GCC_WARN_UNUSED_VARIABLE = YES;
				MACOSX_DEPLOYMENT_TARGET = 10.12;
				MTL_ENABLE_DEBUG_INFO = NO;
				SDKROOT = macosx;
				SWIFT_OPTIMIZATION_LEVEL = "-Owholemodule";
			};
			name = Release;
		};
		1A73BEE51F6B680100298607 /* Debug */ = {
			isa = XCBuildConfiguration;
			buildSettings = {
				ASSETCATALOG_COMPILER_APPICON_NAME = AppIcon;
				COMBINE_HIDPI_IMAGES = YES;
				INFOPLIST_FILE = Viewr/Info.plist;
				LD_RUNPATH_SEARCH_PATHS = "$(inherited) @executable_path/../Frameworks";
				PRODUCT_BUNDLE_IDENTIFIER = "rhianne-cosc346.Viewr";
				PRODUCT_NAME = "$(TARGET_NAME)";
				SWIFT_SWIFT3_OBJC_INFERENCE = On;
				SWIFT_VERSION = 4.0;
			};
			name = Debug;
		};
		1A73BEE61F6B680100298607 /* Release */ = {
			isa = XCBuildConfiguration;
			buildSettings = {
				ASSETCATALOG_COMPILER_APPICON_NAME = AppIcon;
				COMBINE_HIDPI_IMAGES = YES;
				INFOPLIST_FILE = Viewr/Info.plist;
				LD_RUNPATH_SEARCH_PATHS = "$(inherited) @executable_path/../Frameworks";
				PRODUCT_BUNDLE_IDENTIFIER = "rhianne-cosc346.Viewr";
				PRODUCT_NAME = "$(TARGET_NAME)";
				SWIFT_SWIFT3_OBJC_INFERENCE = On;
				SWIFT_VERSION = 4.0;
			};
			name = Release;
		};
		1A73BEE81F6B680100298607 /* Debug */ = {
			isa = XCBuildConfiguration;
			buildSettings = {
				ALWAYS_EMBED_SWIFT_STANDARD_LIBRARIES = YES;
				BUNDLE_LOADER = "$(TEST_HOST)";
				COMBINE_HIDPI_IMAGES = YES;
				INFOPLIST_FILE = ViewrTests/Info.plist;
				LD_RUNPATH_SEARCH_PATHS = "$(inherited) @executable_path/../Frameworks @loader_path/../Frameworks";
				PRODUCT_BUNDLE_IDENTIFIER = "rhianne-cosc346.ViewrTests";
				PRODUCT_NAME = "$(TARGET_NAME)";
				SWIFT_SWIFT3_OBJC_INFERENCE = On;
				SWIFT_VERSION = 4.0;
				TEST_HOST = "$(BUILT_PRODUCTS_DIR)/Viewr.app/Contents/MacOS/Viewr";
			};
			name = Debug;
		};
		1A73BEE91F6B680100298607 /* Release */ = {
			isa = XCBuildConfiguration;
			buildSettings = {
				ALWAYS_EMBED_SWIFT_STANDARD_LIBRARIES = YES;
				BUNDLE_LOADER = "$(TEST_HOST)";
				COMBINE_HIDPI_IMAGES = YES;
				INFOPLIST_FILE = ViewrTests/Info.plist;
				LD_RUNPATH_SEARCH_PATHS = "$(inherited) @executable_path/../Frameworks @loader_path/../Frameworks";
				PRODUCT_BUNDLE_IDENTIFIER = "rhianne-cosc346.ViewrTests";
				PRODUCT_NAME = "$(TARGET_NAME)";
				SWIFT_SWIFT3_OBJC_INFERENCE = On;
				SWIFT_VERSION = 4.0;
				TEST_HOST = "$(BUILT_PRODUCTS_DIR)/Viewr.app/Contents/MacOS/Viewr";
			};
			name = Release;
		};
		1A73BEEB1F6B680100298607 /* Debug */ = {
			isa = XCBuildConfiguration;
			buildSettings = {
				ALWAYS_EMBED_SWIFT_STANDARD_LIBRARIES = YES;
				COMBINE_HIDPI_IMAGES = YES;
				INFOPLIST_FILE = ViewrUITests/Info.plist;
				LD_RUNPATH_SEARCH_PATHS = "$(inherited) @executable_path/../Frameworks @loader_path/../Frameworks";
				PRODUCT_BUNDLE_IDENTIFIER = "rhianne-cosc346.ViewrUITests";
				PRODUCT_NAME = "$(TARGET_NAME)";
				SWIFT_SWIFT3_OBJC_INFERENCE = On;
				SWIFT_VERSION = 4.0;
				TEST_TARGET_NAME = Viewr;
			};
			name = Debug;
		};
		1A73BEEC1F6B680100298607 /* Release */ = {
			isa = XCBuildConfiguration;
			buildSettings = {
				ALWAYS_EMBED_SWIFT_STANDARD_LIBRARIES = YES;
				COMBINE_HIDPI_IMAGES = YES;
				INFOPLIST_FILE = ViewrUITests/Info.plist;
				LD_RUNPATH_SEARCH_PATHS = "$(inherited) @executable_path/../Frameworks @loader_path/../Frameworks";
				PRODUCT_BUNDLE_IDENTIFIER = "rhianne-cosc346.ViewrUITests";
				PRODUCT_NAME = "$(TARGET_NAME)";
				SWIFT_SWIFT3_OBJC_INFERENCE = On;
				SWIFT_VERSION = 4.0;
				TEST_TARGET_NAME = Viewr;
			};
			name = Release;
		};
/* End XCBuildConfiguration section */

/* Begin XCConfigurationList section */
		1A73BEBA1F6B680000298607 /* Build configuration list for PBXProject "Viewr" */ = {
			isa = XCConfigurationList;
			buildConfigurations = (
				1A73BEE21F6B680100298607 /* Debug */,
				1A73BEE31F6B680100298607 /* Release */,
			);
			defaultConfigurationIsVisible = 0;
			defaultConfigurationName = Release;
		};
		1A73BEE41F6B680100298607 /* Build configuration list for PBXNativeTarget "Viewr" */ = {
			isa = XCConfigurationList;
			buildConfigurations = (
				1A73BEE51F6B680100298607 /* Debug */,
				1A73BEE61F6B680100298607 /* Release */,
			);
			defaultConfigurationIsVisible = 0;
			defaultConfigurationName = Release;
		};
		1A73BEE71F6B680100298607 /* Build configuration list for PBXNativeTarget "ViewrTests" */ = {
			isa = XCConfigurationList;
			buildConfigurations = (
				1A73BEE81F6B680100298607 /* Debug */,
				1A73BEE91F6B680100298607 /* Release */,
			);
			defaultConfigurationIsVisible = 0;
			defaultConfigurationName = Release;
		};
		1A73BEEA1F6B680100298607 /* Build configuration list for PBXNativeTarget "ViewrUITests" */ = {
			isa = XCConfigurationList;
			buildConfigurations = (
				1A73BEEB1F6B680100298607 /* Debug */,
				1A73BEEC1F6B680100298607 /* Release */,
			);
			defaultConfigurationIsVisible = 0;
			defaultConfigurationName = Release;
		};
/* End XCConfigurationList section */
	};
	rootObject = 1A73BEB71F6B680000298607 /* Project object */;
}
